
Microsoft Visual Studio Solution File, Format Version 12.00
# Visual Studio 16
Project("{FAE04EC0-301F-11D3-BF4B-00C04F79EFBC}") = "AstarPathfindingProject", "AstarPathfindingProject.csproj", "{0EB3770C-B09F-DB2F-D79F-5FCEA1367800}"
EndProject
Project("{FAE04EC0-301F-11D3-BF4B-00C04F79EFBC}") = "Assembly-CSharp", "Assembly-CSharp.csproj", "{D5A90A40-BCC6-6DA3-CDCB-2BD66109758E}"
EndProject
Project("{FAE04EC0-301F-11D3-BF4B-00C04F79EFBC}") = "AstarPathfindingProjectEditor", "AstarPathfindingProjectEditor.csproj", "{8D770ED8-B54A-65BB-6920-EB2459292B37}"
EndProject
Project("{FAE04EC0-301F-11D3-BF4B-00C04F79EFBC}") = "PackageToolsEditor", "PackageToolsEditor.csproj", "{543A118D-14B2-1F87-FC17-4EE44D11A0A6}"
EndProject
Project("{FAE04EC0-301F-11D3-BF4B-00C04F79EFBC}") = "TextToTMP.Editor", "TextToTMP.Editor.csproj", "{B6753235-D3E2-6066-5C0D-38CE2C86ED17}"
EndProject
Global
	GlobalSection(SolutionConfigurationPlatforms) = preSolution
		Debug|Any CPU = Debug|Any CPU
		Release|Any CPU = Release|Any CPU
	EndGlobalSection
	GlobalSection(ProjectConfigurationPlatforms) = postSolution
		{0EB3770C-B09F-DB2F-D79F-5FCEA1367800}.Debug|Any CPU.ActiveCfg = Debug|Any CPU
		{0EB3770C-B09F-DB2F-D79F-5FCEA1367800}.Debug|Any CPU.Build.0 = Debug|Any CPU
		{0EB3770C-B09F-DB2F-D79F-5FCEA1367800}.Release|Any CPU.ActiveCfg = Release|Any CPU
		{0EB3770C-B09F-DB2F-D79F-5FCEA1367800}.Release|Any CPU.Build.0 = Release|Any CPU
		{D5A90A40-BCC6-6DA3-CDCB-2BD66109758E}.Debug|Any CPU.ActiveCfg = Debug|Any CPU
		{D5A90A40-BCC6-6DA3-CDCB-2BD66109758E}.Debug|Any CPU.Build.0 = Debug|Any CPU
		{D5A90A40-BCC6-6DA3-CDCB-2BD66109758E}.Release|Any CPU.ActiveCfg = Release|Any CPU
		{D5A90A40-BCC6-6DA3-CDCB-2BD66109758E}.Release|Any CPU.Build.0 = Release|Any CPU
		{8D770ED8-B54A-65BB-6920-EB2459292B37}.Debug|Any CPU.ActiveCfg = Debug|Any CPU
		{8D770ED8-B54A-65BB-6920-EB2459292B37}.Debug|Any CPU.Build.0 = Debug|Any CPU
		{8D770ED8-B54A-65BB-6920-EB2459292B37}.Release|Any CPU.ActiveCfg = Release|Any CPU
		{8D770ED8-B54A-65BB-6920-EB2459292B37}.Release|Any CPU.Build.0 = Release|Any CPU
		{543A118D-14B2-1F87-FC17-4EE44D11A0A6}.Debug|Any CPU.ActiveCfg = Debug|Any CPU
		{543A118D-14B2-1F87-FC17-4EE44D11A0A6}.Debug|Any CPU.Build.0 = Debug|Any CPU
		{543A118D-14B2-1F87-FC17-4EE44D11A0A6}.Release|Any CPU.ActiveCfg = Release|Any CPU
		{543A118D-14B2-1F87-FC17-4EE44D11A0A6}.Release|Any CPU.Build.0 = Release|Any CPU
		{B6753235-D3E2-6066-5C0D-38CE2C86ED17}.Debug|Any CPU.ActiveCfg = Debug|Any CPU
		{B6753235-D3E2-6066-5C0D-38CE2C86ED17}.Debug|Any CPU.Build.0 = Debug|Any CPU
		{B6753235-D3E2-6066-5C0D-38CE2C86ED17}.Release|Any CPU.ActiveCfg = Release|Any CPU
		{B6753235-D3E2-6066-5C0D-38CE2C86ED17}.Release|Any CPU.Build.0 = Release|Any CPU
	EndGlobalSection
	GlobalSection(SolutionProperties) = preSolution
		HideSolutionNode = FALSE
	EndGlobalSection
EndGlobal
